
Microsoft Visual Studio Solution File, Format Version 12.00
# Visual Studio Version 17
VisualStudioVersion = 17.6.33723.286
MinimumVisualStudioVersion = 10.0.40219.1
Project("{FAE04EC0-301F-11D3-BF4B-00C04F79EFBC}") = "Borrowers", "Borrowers.csproj", "{DC94D5DC-FE16-4369-9805-AB7FA167C5C0}"
EndProject
Global
	GlobalSection(SolutionConfigurationPlatforms) = preSolution
		Debug|Any CPU = Debug|Any CPU
		Release|Any CPU = Release|Any CPU
	EndGlobalSection
	GlobalSection(ProjectConfigurationPlatforms) = postSolution
		{DC94D5DC-FE16-4369-9805-AB7FA167C5C0}.Debug|Any CPU.ActiveCfg = Debug|Any CPU
		{DC94D5DC-FE16-4369-9805-AB7FA167C5C0}.Debug|Any CPU.Build.0 = Debug|Any CPU
		{DC94D5DC-FE16-4369-9805-AB7FA167C5C0}.Release|Any CPU.ActiveCfg = Release|Any CPU
		{DC94D5DC-FE16-4369-9805-AB7FA167C5C0}.Release|Any CPU.Build.0 = Release|Any CPU
	EndGlobalSection
	GlobalSection(SolutionProperties) = preSolution
		HideSolutionNode = FALSE
	EndGlobalSection
	GlobalSection(ExtensibilityGlobals) = postSolution
		SolutionGuid = {FD172226-9181-4AF0-B880-8EC4EB4FAA0E}
	EndGlobalSection
EndGlobal
